// !$*UTF8*$!
{
	archiveVersion = 1;
	classes = {
	};
	objectVersion = 56;
	objects = {

/* Begin PBXBuildFile section */
		042C1FED2C91BFF80035A709 /* AppDelegate.swift in Sources */ = {isa = PBXBuildFile; fileRef = 042C1FEC2C91BFF80035A709 /* AppDelegate.swift */; };
		042C1FEF2C91BFF80035A709 /* SceneDelegate.swift in Sources */ = {isa = PBXBuildFile; fileRef = 042C1FEE2C91BFF80035A709 /* SceneDelegate.swift */; };
		042C1FF12C91BFF80035A709 /* ViewController.swift in Sources */ = {isa = PBXBuildFile; fileRef = 042C1FF02C91BFF80035A709 /* ViewController.swift */; };
		042C1FF42C91BFF80035A709 /* Base in Resources */ = {isa = PBXBuildFile; fileRef = 042C1FF32C91BFF80035A709 /* Base */; };
		042C1FF72C91BFF80035A709 /* CafeMiniAppNoftz.xcdatamodeld in Sources */ = {isa = PBXBuildFile; fileRef = 042C1FF52C91BFF80035A709 /* CafeMiniAppNoftz.xcdatamodeld */; };
		042C1FF92C91BFFA0035A709 /* Assets.xcassets in Resources */ = {isa = PBXBuildFile; fileRef = 042C1FF82C91BFFA0035A709 /* Assets.xcassets */; };
		042C1FFC2C91BFFA0035A709 /* Base in Resources */ = {isa = PBXBuildFile; fileRef = 042C1FFB2C91BFFA0035A709 /* Base */; };
		04C8554F2C98685C00393B28 /* NewVCViewController.swift in Sources */ = {isa = PBXBuildFile; fileRef = 04C8554E2C98685C00393B28 /* NewVCViewController.swift */; };
		04C855522C9868E200393B28 /* Main.storyboard in Resources */ = {isa = PBXBuildFile; fileRef = 042C1FF22C91BFF80035A709 /* Main.storyboard */; };
/* End PBXBuildFile section */

/* Begin PBXFileReference section */
		042C1FE92C91BFF80035A709 /* CafeMiniAppNoftz.app */ = {isa = PBXFileReference; explicitFileType = wrapper.application; includeInIndex = 0; path = CafeMiniAppNoftz.app; sourceTree = BUILT_PRODUCTS_DIR; };
		042C1FEC2C91BFF80035A709 /* AppDelegate.swift */ = {isa = PBXFileReference; lastKnownFileType = sourcecode.swift; path = AppDelegate.swift; sourceTree = "<group>"; };
		042C1FEE2C91BFF80035A709 /* SceneDelegate.swift */ = {isa = PBXFileReference; lastKnownFileType = sourcecode.swift; path = SceneDelegate.swift; sourceTree = "<group>"; };
		042C1FF02C91BFF80035A709 /* ViewController.swift */ = {isa = PBXFileReference; lastKnownFileType = sourcecode.swift; path = ViewController.swift; sourceTree = "<group>"; };
		042C1FF32C91BFF80035A709 /* Base */ = {isa = PBXFileReference; lastKnownFileType = file.storyboard; name = Base; path = Base.lproj/Main.storyboard; sourceTree = "<group>"; };
		042C1FF62C91BFF80035A709 /* CafeMiniAppNoftz.xcdatamodel */ = {isa = PBXFileReference; lastKnownFileType = wrapper.xcdatamodel; path = CafeMiniAppNoftz.xcdatamodel; sourceTree = "<group>"; };
		042C1FF82C91BFFA0035A709 /* Assets.xcassets */ = {isa = PBXFileReference; lastKnownFileType = folder.assetcatalog; path = Assets.xcassets; sourceTree = "<group>"; };
		042C1FFB2C91BFFA0035A709 /* Base */ = {isa = PBXFileReference; lastKnownFileType = file.storyboard; name = Base; path = Base.lproj/LaunchScreen.storyboard; sourceTree = "<group>"; };
		042C1FFD2C91BFFA0035A709 /* Info.plist */ = {isa = PBXFileReference; lastKnownFileType = text.plist.xml; path = Info.plist; sourceTree = "<group>"; };
		04C8554E2C98685C00393B28 /* NewVCViewController.swift */ = {isa = PBXFileReference; lastKnownFileType = sourcecode.swift; path = NewVCViewController.swift; sourceTree = "<group>"; };
/* End PBXFileReference section */

/* Begin PBXFrameworksBuildPhase section */
		042C1FE62C91BFF80035A709 /* Frameworks */ = {
			isa = PBXFrameworksBuildPhase;
			buildActionMask = 2147483647;
			files = (
			);
			runOnlyForDeploymentPostprocessing = 0;
		};
/* End PBXFrameworksBuildPhase section */

/* Begin PBXGroup section */
		042C1FE02C91BFF80035A709 = {
			isa = PBXGroup;
			children = (
				042C1FEB2C91BFF80035A709 /* CafeMiniAppNoftz */,
				042C1FEA2C91BFF80035A709 /* Products */,
			);
			sourceTree = "<group>";
		};
		042C1FEA2C91BFF80035A709 /* Products */ = {
			isa = PBXGroup;
			children = (
				042C1FE92C91BFF80035A709 /* CafeMiniAppNoftz.app */,
			);
			name = Products;
			sourceTree = "<group>";
		};
		042C1FEB2C91BFF80035A709 /* CafeMiniAppNoftz */ = {
			isa = PBXGroup;
			children = (
				042C1FEC2C91BFF80035A709 /* AppDelegate.swift */,
				042C1FEE2C91BFF80035A709 /* SceneDelegate.swift */,
				042C1FF02C91BFF80035A709 /* ViewController.swift */,
				042C1FF22C91BFF80035A709 /* Main.storyboard */,
				04C8554E2C98685C00393B28 /* NewVCViewController.swift */,
				042C1FF82C91BFFA0035A709 /* Assets.xcassets */,
				042C1FFA2C91BFFA0035A709 /* LaunchScreen.storyboard */,
				042C1FFD2C91BFFA0035A709 /* Info.plist */,
				042C1FF52C91BFF80035A709 /* CafeMiniAppNoftz.xcdatamodeld */,
			);
			path = CafeMiniAppNoftz;
			sourceTree = "<group>";
		};
/* End PBXGroup section */

/* Begin PBXNativeTarget section */
		042C1FE82C91BFF80035A709 /* CafeMiniAppNoftz */ = {
			isa = PBXNativeTarget;
			buildConfigurationList = 042C20002C91BFFA0035A709 /* Build configuration list for PBXNativeTarget "CafeMiniAppNoftz" */;
			buildPhases = (
				042C1FE52C91BFF80035A709 /* Sources */,
				042C1FE62C91BFF80035A709 /* Frameworks */,
				042C1FE72C91BFF80035A709 /* Resources */,
			);
			buildRules = (
			);
			dependencies = (
			);
			name = CafeMiniAppNoftz;
			productName = CafeMiniAppNoftz;
			productReference = 042C1FE92C91BFF80035A709 /* CafeMiniAppNoftz.app */;
			productType = "com.apple.product-type.application";
		};
/* End PBXNativeTarget section */

/* Begin PBXProject section */
		042C1FE12C91BFF80035A709 /* Project object */ = {
			isa = PBXProject;
			attributes = {
				BuildIndependentTargetsInParallel = 1;
				LastSwiftUpdateCheck = 1540;
				LastUpgradeCheck = 1540;
				TargetAttributes = {
					042C1FE82C91BFF80035A709 = {
						CreatedOnToolsVersion = 15.4;
					};
				};
			};
			buildConfigurationList = 042C1FE42C91BFF80035A709 /* Build configuration list for PBXProject "CafeMiniAppNoftz" */;
			compatibilityVersion = "Xcode 14.0";
			developmentRegion = en;
			hasScannedForEncodings = 0;
			knownRegions = (
				en,
				Base,
			);
			mainGroup = 042C1FE02C91BFF80035A709;
			productRefGroup = 042C1FEA2C91BFF80035A709 /* Products */;
			projectDirPath = "";
			projectRoot = "";
			targets = (
				042C1FE82C91BFF80035A709 /* CafeMiniAppNoftz */,
			);
		};
/* End PBXProject section */

/* Begin PBXResourcesBuildPhase section */
		042C1FE72C91BFF80035A709 /* Resources */ = {
			isa = PBXResourcesBuildPhase;
			buildActionMask = 2147483647;
			files = (
				042C1FF92C91BFFA0035A709 /* Assets.xcassets in Resources */,
				042C1FFC2C91BFFA0035A709 /* Base in Resources */,
				042C1FF42C91BFF80035A709 /* Base in Resources */,
				04C855522C9868E200393B28 /* Main.storyboard in Resources */,
			);
			runOnlyForDeploymentPostprocessing = 0;
		};
/* End PBXResourcesBuildPhase section */

/* Begin PBXSourcesBuildPhase section */
		042C1FE52C91BFF80035A709 /* Sources */ = {
			isa = PBXSourcesBuildPhase;
			buildActionMask = 2147483647;
			files = (
				042C1FF12C91BFF80035A709 /* ViewController.swift in Sources */,
				042C1FED2C91BFF80035A709 /* AppDelegate.swift in Sources */,
				042C1FEF2C91BFF80035A709 /* SceneDelegate.swift in Sources */,
				042C1FF72C91BFF80035A709 /* CafeMiniAppNoftz.xcdatamodeld in Sources */,
				04C8554F2C98685C00393B28 /* NewVCViewController.swift in Sources */,
			);
			runOnlyForDeploymentPostprocessing = 0;
		};
/* End PBXSourcesBuildPhase section */

/* Begin PBXVariantGroup section */
		042C1FF22C91BFF80035A709 /* Main.storyboard */ = {
			isa = PBXVariantGroup;
			children = (
				042C1FF32C91BFF80035A709 /* Base */,
			);
			name = Main.storyboard;
			sourceTree = "<group>";
		};
		042C1FFA2C91BFFA0035A709 /* LaunchScreen.storyboard */ = {
			isa = PBXVariantGroup;
			children = (
				042C1FFB2C91BFFA0035A709 /* Base */,
			);
			name = LaunchScreen.storyboard;
			sourceTree = "<group>";
		};
/* End PBXVariantGroup section */

/* Begin XCBuildConfiguration section */
		042C1FFE2C91BFFA0035A709 /* Debug */ = {
			isa = XCBuildConfiguration;
			buildSettings = {
				ALWAYS_SEARCH_USER_PATHS = NO;
				ASSETCATALOG_COMPILER_GENERATE_SWIFT_ASSET_SYMBOL_EXTENSIONS = YES;
				CLANG_ANALYZER_NONNULL = YES;
				CLANG_ANALYZER_NUMBER_OBJECT_CONVERSION = YES_AGGRESSIVE;
				CLANG_CXX_LANGUAGE_STANDARD = "gnu++20";
				CLANG_ENABLE_MODULES = YES;
				CLANG_ENABLE_OBJC_ARC = YES;
				CLANG_ENABLE_OBJC_WEAK = YES;
				CLANG_WARN_BLOCK_CAPTURE_AUTORELEASING = YES;
				CLANG_WARN_BOOL_CONVERSION = YES;
				CLANG_WARN_COMMA = YES;
				CLANG_WARN_CONSTANT_CONVERSION = YES;
				CLANG_WARN_DEPRECATED_OBJC_IMPLEMENTATIONS = YES;
				CLANG_WARN_DIRECT_OBJC_ISA_USAGE = YES_ERROR;
				CLANG_WARN_DOCUMENTATION_COMMENTS = YES;
				CLANG_WARN_EMPTY_BODY = YES;
				CLANG_WARN_ENUM_CONVERSION = YES;
				CLANG_WARN_INFINITE_RECURSION = YES;
				CLANG_WARN_INT_CONVERSION = YES;
				CLANG_WARN_NON_LITERAL_NULL_CONVERSION = YES;
				CLANG_WARN_OBJC_IMPLICIT_RETAIN_SELF = YES;
				CLANG_WARN_OBJC_LITERAL_CONVERSION = YES;
				CLANG_WARN_OBJC_ROOT_CLASS = YES_ERROR;
				CLANG_WARN_QUOTED_INCLUDE_IN_FRAMEWORK_HEADER = YES;
				CLANG_WARN_RANGE_LOOP_ANALYSIS = YES;
				CLANG_WARN_STRICT_PROTOTYPES = YES;
				CLANG_WARN_SUSPICIOUS_MOVE = YES;
				CLANG_WARN_UNGUARDED_AVAILABILITY = YES_AGGRESSIVE;
				CLANG_WARN_UNREACHABLE_CODE = YES;
				CLANG_WARN__DUPLICATE_METHOD_MATCH = YES;
				COPY_PHASE_STRIP = NO;
				DEBUG_INFORMATION_FORMAT = dwarf;
				ENABLE_STRICT_OBJC_MSGSEND = YES;
				ENABLE_TESTABILITY = YES;
				ENABLE_USER_SCRIPT_SANDBOXING = YES;
				GCC_C_LANGUAGE_STANDARD = gnu17;
				GCC_DYNAMIC_NO_PIC = NO;
				GCC_NO_COMMON_BLOCKS = YES;
				GCC_OPTIMIZATION_LEVEL = 0;
				GCC_PREPROCESSOR_DEFINITIONS = (
					"DEBUG=1",
					"$(inherited)",
				);
				GCC_WARN_64_TO_32_BIT_CONVERSION = YES;
				GCC_WARN_ABOUT_RETURN_TYPE = YES_ERROR;
				GCC_WARN_UNDECLARED_SELECTOR = YES;
				GCC_WARN_UNINITIALIZED_AUTOS = YES_AGGRESSIVE;
				GCC_WARN_UNUSED_FUNCTION = YES;
				GCC_WARN_UNUSED_VARIABLE = YES;
				IPHONEOS_DEPLOYMENT_TARGET = 17.5;
				LOCALIZATION_PREFERS_STRING_CATALOGS = YES;
				MTL_ENABLE_DEBUG_INFO = INCLUDE_SOURCE;
				MTL_FAST_MATH = YES;
				ONLY_ACTIVE_ARCH = YES;
				SDKROOT = iphoneos;
				SWIFT_ACTIVE_COMPILATION_CONDITIONS = "DEBUG $(inherited)";
				SWIFT_OPTIMIZATION_LEVEL = "-Onone";
			};
			name = Debug;
		};
		042C1FFF2C91BFFA0035A709 /* Release */ = {
			isa = XCBuildConfiguration;
			buildSettings = {
				ALWAYS_SEARCH_USER_PATHS = NO;
				ASSETCATALOG_COMPILER_GENERATE_SWIFT_ASSET_SYMBOL_EXTENSIONS = YES;
				CLANG_ANALYZER_NONNULL = YES;
				CLANG_ANALYZER_NUMBER_OBJECT_CONVERSION = YES_AGGRESSIVE;
				CLANG_CXX_LANGUAGE_STANDARD = "gnu++20";
				CLANG_ENABLE_MODULES = YES;
				CLANG_ENABLE_OBJC_ARC = YES;
				CLANG_ENABLE_OBJC_WEAK = YES;
				CLANG_WARN_BLOCK_CAPTURE_AUTORELEASING = YES;
				CLANG_WARN_BOOL_CONVERSION = YES;
				CLANG_WARN_COMMA = YES;
				CLANG_WARN_CONSTANT_CONVERSION = YES;
				CLANG_WARN_DEPRECATED_OBJC_IMPLEMENTATIONS = YES;
				CLANG_WARN_DIRECT_OBJC_ISA_USAGE = YES_ERROR;
				CLANG_WARN_DOCUMENTATION_COMMENTS = YES;
				CLANG_WARN_EMPTY_BODY = YES;
				CLANG_WARN_ENUM_CONVERSION = YES;
				CLANG_WARN_INFINITE_RECURSION = YES;
				CLANG_WARN_INT_CONVERSION = YES;
				CLANG_WARN_NON_LITERAL_NULL_CONVERSION = YES;
				CLANG_WARN_OBJC_IMPLICIT_RETAIN_SELF = YES;
				CLANG_WARN_OBJC_LITERAL_CONVERSION = YES;
				CLANG_WARN_OBJC_ROOT_CLASS = YES_ERROR;
				CLANG_WARN_QUOTED_INCLUDE_IN_FRAMEWORK_HEADER = YES;
				CLANG_WARN_RANGE_LOOP_ANALYSIS = YES;
				CLANG_WARN_STRICT_PROTOTYPES = YES;
				CLANG_WARN_SUSPICIOUS_MOVE = YES;
				CLANG_WARN_UNGUARDED_AVAILABILITY = YES_AGGRESSIVE;
				CLANG_WARN_UNREACHABLE_CODE = YES;
				CLANG_WARN__DUPLICATE_METHOD_MATCH = YES;
				COPY_PHASE_STRIP = NO;
				DEBUG_INFORMATION_FORMAT = "dwarf-with-dsym";
				ENABLE_NS_ASSERTIONS = NO;
				ENABLE_STRICT_OBJC_MSGSEND = YES;
				ENABLE_USER_SCRIPT_SANDBOXING = YES;
				GCC_C_LANGUAGE_STANDARD = gnu17;
				GCC_NO_COMMON_BLOCKS = YES;
				GCC_WARN_64_TO_32_BIT_CONVERSION = YES;
				GCC_WARN_ABOUT_RETURN_TYPE = YES_ERROR;
				GCC_WARN_UNDECLARED_SELECTOR = YES;
				GCC_WARN_UNINITIALIZED_AUTOS = YES_AGGRESSIVE;
				GCC_WARN_UNUSED_FUNCTION = YES;
				GCC_WARN_UNUSED_VARIABLE = YES;
				IPHONEOS_DEPLOYMENT_TARGET = 17.5;
				LOCALIZATION_PREFERS_STRING_CATALOGS = YES;
				MTL_ENABLE_DEBUG_INFO = NO;
				MTL_FAST_MATH = YES;
				SDKROOT = iphoneos;
				SWIFT_COMPILATION_MODE = wholemodule;
				VALIDATE_PRODUCT = YES;
			};
			name = Release;
		};
		042C20012C91BFFA0035A709 /* Debug */ = {
			isa = XCBuildConfiguration;
			buildSettings = {
				ASSETCATALOG_COMPILER_APPICON_NAME = AppIcon;
				ASSETCATALOG_COMPILER_GLOBAL_ACCENT_COLOR_NAME = AccentColor;
				CODE_SIGN_STYLE = Automatic;
				CURRENT_PROJECT_VERSION = 1;
				GENERATE_INFOPLIST_FILE = YES;
				INFOPLIST_FILE = CafeMiniAppNoftz/Info.plist;
				INFOPLIST_KEY_UIApplicationSupportsIndirectInputEvents = YES;
				INFOPLIST_KEY_UILaunchStoryboardName = LaunchScreen;
				INFOPLIST_KEY_UIMainStoryboardFile = Main;
				INFOPLIST_KEY_UISupportedInterfaceOrientations_iPad = "UIInterfaceOrientationPortrait UIInterfaceOrientationPortraitUpsideDown UIInterfaceOrientationLandscapeLeft UIInterfaceOrientationLandscapeRight";
				INFOPLIST_KEY_UISupportedInterfaceOrientations_iPhone = "UIInterfaceOrientationPortrait UIInterfaceOrientationLandscapeLeft UIInterfaceOrientationLandscapeRight";
				LD_RUNPATH_SEARCH_PATHS = (
					"$(inherited)",
					"@executable_path/Frameworks",
				);
				MARKETING_VERSION = 1.0;
				PRODUCT_BUNDLE_IDENTIFIER = clc.CafeMiniAppNoftz;
				PRODUCT_NAME = "$(TARGET_NAME)";
				SWIFT_EMIT_LOC_STRINGS = YES;
				SWIFT_VERSION = 5.0;
				TARGETED_DEVICE_FAMILY = "1,2";
			};
			name = Debug;
		};
		042C20022C91BFFA0035A709 /* Release */ = {
			isa = XCBuildConfiguration;
			buildSettings = {
				ASSETCATALOG_COMPILER_APPICON_NAME = AppIcon;
				ASSETCATALOG_COMPILER_GLOBAL_ACCENT_COLOR_NAME = AccentColor;
				CODE_SIGN_STYLE = Automatic;
				CURRENT_PROJECT_VERSION = 1;
				GENERATE_INFOPLIST_FILE = YES;
				INFOPLIST_FILE = CafeMiniAppNoftz/Info.plist;
				INFOPLIST_KEY_UIApplicationSupportsIndirectInputEvents = YES;
				INFOPLIST_KEY_UILaunchStoryboardName = LaunchScreen;
				INFOPLIST_KEY_UIMainStoryboardFile = Main;
				INFOPLIST_KEY_UISupportedInterfaceOrientations_iPad = "UIInterfaceOrientationPortrait UIInterfaceOrientationPortraitUpsideDown UIInterfaceOrientationLandscapeLeft UIInterfaceOrientationLandscapeRight";
				INFOPLIST_KEY_UISupportedInterfaceOrientations_iPhone = "UIInterfaceOrientationPortrait UIInterfaceOrientationLandscapeLeft UIInterfaceOrientationLandscapeRight";
				LD_RUNPATH_SEARCH_PATHS = (
					"$(inherited)",
					"@executable_path/Frameworks",
				);
				MARKETING_VERSION = 1.0;
				PRODUCT_BUNDLE_IDENTIFIER = clc.CafeMiniAppNoftz;
				PRODUCT_NAME = "$(TARGET_NAME)";
				SWIFT_EMIT_LOC_STRINGS = YES;
				SWIFT_VERSION = 5.0;
				TARGETED_DEVICE_FAMILY = "1,2";
			};
			name = Release;
		};
/* End XCBuildConfiguration section */

/* Begin XCConfigurationList section */
		042C1FE42C91BFF80035A709 /* Build configuration list for PBXProject "CafeMiniAppNoftz" */ = {
			isa = XCConfigurationList;
			buildConfigurations = (
				042C1FFE2C91BFFA0035A709 /* Debug */,
				042C1FFF2C91BFFA0035A709 /* Release */,
			);
			defaultConfigurationIsVisible = 0;
			defaultConfigurationName = Release;
		};
		042C20002C91BFFA0035A709 /* Build configuration list for PBXNativeTarget "CafeMiniAppNoftz" */ = {
			isa = XCConfigurationList;
			buildConfigurations = (
				042C20012C91BFFA0035A709 /* Debug */,
				042C20022C91BFFA0035A709 /* Release */,
			);
			defaultConfigurationIsVisible = 0;
			defaultConfigurationName = Release;
		};
/* End XCConfigurationList section */

/* Begin XCVersionGroup section */
		042C1FF52C91BFF80035A709 /* CafeMiniAppNoftz.xcdatamodeld */ = {
			isa = XCVersionGroup;
			children = (
				042C1FF62C91BFF80035A709 /* CafeMiniAppNoftz.xcdatamodel */,
			);
			currentVersion = 042C1FF62C91BFF80035A709 /* CafeMiniAppNoftz.xcdatamodel */;
			path = CafeMiniAppNoftz.xcdatamodeld;
			sourceTree = "<group>";
			versionGroupType = wrapper.xcdatamodel;
		};
/* End XCVersionGroup section */
	};
	rootObject = 042C1FE12C91BFF80035A709 /* Project object */;
}
